// !$*UTF8*$!
{
	archiveVersion = 1;
	classes = {
	};
	objectVersion = 50;
	objects = {

/* Begin PBXBuildFile section */
		BE0A83092138184A00E6FDFF /* CBLsTable.storyboard in Resources */ = {isa = PBXBuildFile; fileRef = BE0A83082138184900E6FDFF /* CBLsTable.storyboard */; };
		BE0A830B2138185700E6FDFF /* CBLsTableViewController.swift in Sources */ = {isa = PBXBuildFile; fileRef = BE0A830A2138185700E6FDFF /* CBLsTableViewController.swift */; };
		BE0A830D2138243C00E6FDFF /* EssentialOverViewController.swift in Sources */ = {isa = PBXBuildFile; fileRef = BE0A830C2138243C00E6FDFF /* EssentialOverViewController.swift */; };
		BE0A830F213825A900E6FDFF /* GuidingOverViewController.swift in Sources */ = {isa = PBXBuildFile; fileRef = BE0A830E213825A900E6FDFF /* GuidingOverViewController.swift */; };
		BE0A83112138260100E6FDFF /* SynthesisOverViewController.swift in Sources */ = {isa = PBXBuildFile; fileRef = BE0A83102138260100E6FDFF /* SynthesisOverViewController.swift */; };
		BE0A83132138263000E6FDFF /* SolutionOverViewController.swift in Sources */ = {isa = PBXBuildFile; fileRef = BE0A83122138263000E6FDFF /* SolutionOverViewController.swift */; };
		BE0A83152138266A00E6FDFF /* CBLOverViewController.swift in Sources */ = {isa = PBXBuildFile; fileRef = BE0A83142138266A00E6FDFF /* CBLOverViewController.swift */; };
		BE1AC3772136C6CC009083A4 /* CoreDataManagerTests.swift in Sources */ = {isa = PBXBuildFile; fileRef = BE1AC3762136C6CC009083A4 /* CoreDataManagerTests.swift */; };
		BE3A15CD213823E700EE1591 /* QuestionModal.storyboard in Resources */ = {isa = PBXBuildFile; fileRef = BE3A15CC213823E700EE1591 /* QuestionModal.storyboard */; };
		BE3A15CF213828CD00EE1591 /* QuestionModalViewController.swift in Sources */ = {isa = PBXBuildFile; fileRef = BE3A15CE213828CD00EE1591 /* QuestionModalViewController.swift */; };
		BE3A15D22138444C00EE1591 /* Errors.swift in Sources */ = {isa = PBXBuildFile; fileRef = BE3A15D12138444C00EE1591 /* Errors.swift */; };
		BE3A15D721395C4900EE1591 /* CoreDataErrorTests.swift in Sources */ = {isa = PBXBuildFile; fileRef = BE3A15D621395C4900EE1591 /* CoreDataErrorTests.swift */; };
		BE3A15DB2139626A00EE1591 /* CoreDataError.swift in Sources */ = {isa = PBXBuildFile; fileRef = BE3A15D421395B6D00EE1591 /* CoreDataError.swift */; };
		BE5F1890213977C10012D1ED /* NewQuestionDelegate.swift in Sources */ = {isa = PBXBuildFile; fileRef = BE5F188F213977C10012D1ED /* NewQuestionDelegate.swift */; };
		BE5F18942139B5170012D1ED /* NewCblDelegate.swift in Sources */ = {isa = PBXBuildFile; fileRef = BE5F18932139B5170012D1ED /* NewCblDelegate.swift */; };
		BE71E829213FFA2E00DC7E9A /* Animations.swift in Sources */ = {isa = PBXBuildFile; fileRef = BE71E828213FFA2E00DC7E9A /* Animations.swift */; };
		BE71E82B2140189800DC7E9A /* CustomTransition.swift in Sources */ = {isa = PBXBuildFile; fileRef = BE71E82A2140189800DC7E9A /* CustomTransition.swift */; };
		BEC2A7982136BB7700275FF9 /* CoreDataManager.swift in Sources */ = {isa = PBXBuildFile; fileRef = BEC2A7972136BB7700275FF9 /* CoreDataManager.swift */; };
		BED4579821380CEE0033ECE5 /* NewCBL.storyboard in Resources */ = {isa = PBXBuildFile; fileRef = BED4579721380CEE0033ECE5 /* NewCBL.storyboard */; };
		BED4579A21380D7D0033ECE5 /* CBLOverView.storyboard in Resources */ = {isa = PBXBuildFile; fileRef = BED4579921380D7D0033ECE5 /* CBLOverView.storyboard */; };
		BED4579C21380DCC0033ECE5 /* EssentialOverView.storyboard in Resources */ = {isa = PBXBuildFile; fileRef = BED4579B21380DCC0033ECE5 /* EssentialOverView.storyboard */; };
		BED4579E21380F480033ECE5 /* GuidingOverView.storyboard in Resources */ = {isa = PBXBuildFile; fileRef = BED4579D21380F480033ECE5 /* GuidingOverView.storyboard */; };
		BED457A021380F720033ECE5 /* SynthesisOverView.storyboard in Resources */ = {isa = PBXBuildFile; fileRef = BED4579F21380F720033ECE5 /* SynthesisOverView.storyboard */; };
		BED457A221380F970033ECE5 /* SolutionOverView.storyboard in Resources */ = {isa = PBXBuildFile; fileRef = BED457A121380F970033ECE5 /* SolutionOverView.storyboard */; };
		BEF814F22135970900501E13 /* AppDelegate.swift in Sources */ = {isa = PBXBuildFile; fileRef = BEF814F12135970900501E13 /* AppDelegate.swift */; };
		BEF814F42135970900501E13 /* ViewController.swift in Sources */ = {isa = PBXBuildFile; fileRef = BEF814F32135970900501E13 /* ViewController.swift */; };
		BEF814F72135970900501E13 /* Main.storyboard in Resources */ = {isa = PBXBuildFile; fileRef = BEF814F52135970900501E13 /* Main.storyboard */; };
		BEF814FA2135970900501E13 /* CBL.xcdatamodeld in Sources */ = {isa = PBXBuildFile; fileRef = BEF814F82135970900501E13 /* CBL.xcdatamodeld */; };
		BEF814FC2135970A00501E13 /* Assets.xcassets in Resources */ = {isa = PBXBuildFile; fileRef = BEF814FB2135970A00501E13 /* Assets.xcassets */; };
		BEF814FF2135970A00501E13 /* LaunchScreen.storyboard in Resources */ = {isa = PBXBuildFile; fileRef = BEF814FD2135970A00501E13 /* LaunchScreen.storyboard */; };
		BEF8150A2135970A00501E13 /* CBLTests.swift in Sources */ = {isa = PBXBuildFile; fileRef = BEF815092135970A00501E13 /* CBLTests.swift */; };
		BEF815152135970A00501E13 /* CBLUITests.swift in Sources */ = {isa = PBXBuildFile; fileRef = BEF815142135970A00501E13 /* CBLUITests.swift */; };
/* End PBXBuildFile section */

/* Begin PBXContainerItemProxy section */
		BE1AC3792136C6CC009083A4 /* PBXContainerItemProxy */ = {
			isa = PBXContainerItemProxy;
			containerPortal = BEF814E62135970900501E13 /* Project object */;
			proxyType = 1;
			remoteGlobalIDString = BEF814ED2135970900501E13;
			remoteInfo = CBL;
		};
		BEF815062135970A00501E13 /* PBXContainerItemProxy */ = {
			isa = PBXContainerItemProxy;
			containerPortal = BEF814E62135970900501E13 /* Project object */;
			proxyType = 1;
			remoteGlobalIDString = BEF814ED2135970900501E13;
			remoteInfo = CBL;
		};
		BEF815112135970A00501E13 /* PBXContainerItemProxy */ = {
			isa = PBXContainerItemProxy;
			containerPortal = BEF814E62135970900501E13 /* Project object */;
			proxyType = 1;
			remoteGlobalIDString = BEF814ED2135970900501E13;
			remoteInfo = CBL;
		};
/* End PBXContainerItemProxy section */

/* Begin PBXFileReference section */
		BE0A83082138184900E6FDFF /* CBLsTable.storyboard */ = {isa = PBXFileReference; fileEncoding = 4; lastKnownFileType = file.storyboard; path = CBLsTable.storyboard; sourceTree = "<group>"; };
		BE0A830A2138185700E6FDFF /* CBLsTableViewController.swift */ = {isa = PBXFileReference; fileEncoding = 4; lastKnownFileType = sourcecode.swift; path = CBLsTableViewController.swift; sourceTree = "<group>"; };
		BE0A830C2138243C00E6FDFF /* EssentialOverViewController.swift */ = {isa = PBXFileReference; lastKnownFileType = sourcecode.swift; path = EssentialOverViewController.swift; sourceTree = "<group>"; };
		BE0A830E213825A900E6FDFF /* GuidingOverViewController.swift */ = {isa = PBXFileReference; lastKnownFileType = sourcecode.swift; path = GuidingOverViewController.swift; sourceTree = "<group>"; };
		BE0A83102138260100E6FDFF /* SynthesisOverViewController.swift */ = {isa = PBXFileReference; lastKnownFileType = sourcecode.swift; path = SynthesisOverViewController.swift; sourceTree = "<group>"; };
		BE0A83122138263000E6FDFF /* SolutionOverViewController.swift */ = {isa = PBXFileReference; lastKnownFileType = sourcecode.swift; path = SolutionOverViewController.swift; sourceTree = "<group>"; };
		BE0A83142138266A00E6FDFF /* CBLOverViewController.swift */ = {isa = PBXFileReference; lastKnownFileType = sourcecode.swift; path = CBLOverViewController.swift; sourceTree = "<group>"; };
		BE1AC3742136C6CC009083A4 /* CoreDataManagerTests.xctest */ = {isa = PBXFileReference; explicitFileType = wrapper.cfbundle; includeInIndex = 0; path = CoreDataManagerTests.xctest; sourceTree = BUILT_PRODUCTS_DIR; };
		BE1AC3762136C6CC009083A4 /* CoreDataManagerTests.swift */ = {isa = PBXFileReference; lastKnownFileType = sourcecode.swift; path = CoreDataManagerTests.swift; sourceTree = "<group>"; };
		BE1AC3782136C6CC009083A4 /* Info.plist */ = {isa = PBXFileReference; lastKnownFileType = text.plist.xml; path = Info.plist; sourceTree = "<group>"; };
		BE3A15CC213823E700EE1591 /* QuestionModal.storyboard */ = {isa = PBXFileReference; lastKnownFileType = file.storyboard; path = QuestionModal.storyboard; sourceTree = "<group>"; };
		BE3A15CE213828CD00EE1591 /* QuestionModalViewController.swift */ = {isa = PBXFileReference; lastKnownFileType = sourcecode.swift; path = QuestionModalViewController.swift; sourceTree = "<group>"; };
		BE3A15D12138444C00EE1591 /* Errors.swift */ = {isa = PBXFileReference; lastKnownFileType = sourcecode.swift; path = Errors.swift; sourceTree = "<group>"; };
		BE3A15D421395B6D00EE1591 /* CoreDataError.swift */ = {isa = PBXFileReference; lastKnownFileType = sourcecode.swift; path = CoreDataError.swift; sourceTree = "<group>"; };
		BE3A15D621395C4900EE1591 /* CoreDataErrorTests.swift */ = {isa = PBXFileReference; lastKnownFileType = sourcecode.swift; path = CoreDataErrorTests.swift; sourceTree = "<group>"; };
		BE5F188F213977C10012D1ED /* NewQuestionDelegate.swift */ = {isa = PBXFileReference; lastKnownFileType = sourcecode.swift; path = NewQuestionDelegate.swift; sourceTree = "<group>"; };
		BE5F18932139B5170012D1ED /* NewCblDelegate.swift */ = {isa = PBXFileReference; lastKnownFileType = sourcecode.swift; path = NewCblDelegate.swift; sourceTree = "<group>"; };
		BE71E828213FFA2E00DC7E9A /* Animations.swift */ = {isa = PBXFileReference; lastKnownFileType = sourcecode.swift; path = Animations.swift; sourceTree = "<group>"; };
		BE71E82A2140189800DC7E9A /* CustomTransition.swift */ = {isa = PBXFileReference; lastKnownFileType = sourcecode.swift; path = CustomTransition.swift; sourceTree = "<group>"; };
		BEC2A7972136BB7700275FF9 /* CoreDataManager.swift */ = {isa = PBXFileReference; lastKnownFileType = sourcecode.swift; path = CoreDataManager.swift; sourceTree = "<group>"; };
		BED4579721380CEE0033ECE5 /* NewCBL.storyboard */ = {isa = PBXFileReference; lastKnownFileType = file.storyboard; path = NewCBL.storyboard; sourceTree = "<group>"; };
		BED4579921380D7D0033ECE5 /* CBLOverView.storyboard */ = {isa = PBXFileReference; fileEncoding = 4; lastKnownFileType = file.storyboard; path = CBLOverView.storyboard; sourceTree = "<group>"; };
		BED4579B21380DCC0033ECE5 /* EssentialOverView.storyboard */ = {isa = PBXFileReference; fileEncoding = 4; lastKnownFileType = file.storyboard; path = EssentialOverView.storyboard; sourceTree = "<group>"; };
		BED4579D21380F480033ECE5 /* GuidingOverView.storyboard */ = {isa = PBXFileReference; fileEncoding = 4; lastKnownFileType = file.storyboard; path = GuidingOverView.storyboard; sourceTree = "<group>"; };
		BED4579F21380F720033ECE5 /* SynthesisOverView.storyboard */ = {isa = PBXFileReference; fileEncoding = 4; lastKnownFileType = file.storyboard; path = SynthesisOverView.storyboard; sourceTree = "<group>"; };
		BED457A121380F970033ECE5 /* SolutionOverView.storyboard */ = {isa = PBXFileReference; fileEncoding = 4; lastKnownFileType = file.storyboard; path = SolutionOverView.storyboard; sourceTree = "<group>"; };
		BEF814EE2135970900501E13 /* CBL.app */ = {isa = PBXFileReference; explicitFileType = wrapper.application; includeInIndex = 0; path = CBL.app; sourceTree = BUILT_PRODUCTS_DIR; };
		BEF814F12135970900501E13 /* AppDelegate.swift */ = {isa = PBXFileReference; lastKnownFileType = sourcecode.swift; path = AppDelegate.swift; sourceTree = "<group>"; };
		BEF814F32135970900501E13 /* ViewController.swift */ = {isa = PBXFileReference; lastKnownFileType = sourcecode.swift; path = ViewController.swift; sourceTree = "<group>"; };
		BEF814F62135970900501E13 /* Base */ = {isa = PBXFileReference; lastKnownFileType = file.storyboard; name = Base; path = Base.lproj/Main.storyboard; sourceTree = "<group>"; };
		BEF814F92135970900501E13 /* CBL.xcdatamodel */ = {isa = PBXFileReference; lastKnownFileType = wrapper.xcdatamodel; path = CBL.xcdatamodel; sourceTree = "<group>"; };
		BEF814FB2135970A00501E13 /* Assets.xcassets */ = {isa = PBXFileReference; lastKnownFileType = folder.assetcatalog; path = Assets.xcassets; sourceTree = "<group>"; };
		BEF814FE2135970A00501E13 /* Base */ = {isa = PBXFileReference; lastKnownFileType = file.storyboard; name = Base; path = Base.lproj/LaunchScreen.storyboard; sourceTree = "<group>"; };
		BEF815002135970A00501E13 /* Info.plist */ = {isa = PBXFileReference; lastKnownFileType = text.plist.xml; path = Info.plist; sourceTree = "<group>"; };
		BEF815052135970A00501E13 /* CBLTests.xctest */ = {isa = PBXFileReference; explicitFileType = wrapper.cfbundle; includeInIndex = 0; path = CBLTests.xctest; sourceTree = BUILT_PRODUCTS_DIR; };
		BEF815092135970A00501E13 /* CBLTests.swift */ = {isa = PBXFileReference; lastKnownFileType = sourcecode.swift; path = CBLTests.swift; sourceTree = "<group>"; };
		BEF8150B2135970A00501E13 /* Info.plist */ = {isa = PBXFileReference; lastKnownFileType = text.plist.xml; path = Info.plist; sourceTree = "<group>"; };
		BEF815102135970A00501E13 /* CBLUITests.xctest */ = {isa = PBXFileReference; explicitFileType = wrapper.cfbundle; includeInIndex = 0; path = CBLUITests.xctest; sourceTree = BUILT_PRODUCTS_DIR; };
		BEF815142135970A00501E13 /* CBLUITests.swift */ = {isa = PBXFileReference; lastKnownFileType = sourcecode.swift; path = CBLUITests.swift; sourceTree = "<group>"; };
		BEF815162135970A00501E13 /* Info.plist */ = {isa = PBXFileReference; lastKnownFileType = text.plist.xml; path = Info.plist; sourceTree = "<group>"; };
/* End PBXFileReference section */

/* Begin PBXFrameworksBuildPhase section */
		BE1AC3712136C6CC009083A4 /* Frameworks */ = {
			isa = PBXFrameworksBuildPhase;
			buildActionMask = 2147483647;
			files = (
			);
			runOnlyForDeploymentPostprocessing = 0;
		};
		BEF814EB2135970900501E13 /* Frameworks */ = {
			isa = PBXFrameworksBuildPhase;
			buildActionMask = 2147483647;
			files = (
			);
			runOnlyForDeploymentPostprocessing = 0;
		};
		BEF815022135970A00501E13 /* Frameworks */ = {
			isa = PBXFrameworksBuildPhase;
			buildActionMask = 2147483647;
			files = (
			);
			runOnlyForDeploymentPostprocessing = 0;
		};
		BEF8150D2135970A00501E13 /* Frameworks */ = {
			isa = PBXFrameworksBuildPhase;
			buildActionMask = 2147483647;
			files = (
			);
			runOnlyForDeploymentPostprocessing = 0;
		};
/* End PBXFrameworksBuildPhase section */

/* Begin PBXGroup section */
		BE1AC3752136C6CC009083A4 /* CoreDataManagerTests */ = {
			isa = PBXGroup;
			children = (
				BE1AC3762136C6CC009083A4 /* CoreDataManagerTests.swift */,
				BE1AC3782136C6CC009083A4 /* Info.plist */,
			);
			path = CoreDataManagerTests;
			sourceTree = "<group>";
		};
		BE3A15D02138441A00EE1591 /* Enums */ = {
			isa = PBXGroup;
			children = (
				BE3A15D12138444C00EE1591 /* Errors.swift */,
			);
			path = Enums;
			sourceTree = "<group>";
		};
		BE3A15D321395B4300EE1591 /* CoreData */ = {
			isa = PBXGroup;
			children = (
				BEC2A7972136BB7700275FF9 /* CoreDataManager.swift */,
				BE3A15D421395B6D00EE1591 /* CoreDataError.swift */,
			);
			path = CoreData;
			sourceTree = "<group>";
		};
		BE5F188E2139779F0012D1ED /* Protocols */ = {
			isa = PBXGroup;
			children = (
				BE5F188F213977C10012D1ED /* NewQuestionDelegate.swift */,
				BE5F18932139B5170012D1ED /* NewCblDelegate.swift */,
			);
			path = Protocols;
			sourceTree = "<group>";
		};
		BE71E825213FF99F00DC7E9A /* Animations */ = {
			isa = PBXGroup;
			children = (
				BE71E828213FFA2E00DC7E9A /* Animations.swift */,
				BE71E82A2140189800DC7E9A /* CustomTransition.swift */,
			);
			path = Animations;
			sourceTree = "<group>";
		};
		BED4579121380C510033ECE5 /* StoryBoards */ = {
			isa = PBXGroup;
			children = (
				BE0A83082138184900E6FDFF /* CBLsTable.storyboard */,
				BED4579721380CEE0033ECE5 /* NewCBL.storyboard */,
				BED457A121380F970033ECE5 /* SolutionOverView.storyboard */,
				BED4579F21380F720033ECE5 /* SynthesisOverView.storyboard */,
				BED4579D21380F480033ECE5 /* GuidingOverView.storyboard */,
				BED4579B21380DCC0033ECE5 /* EssentialOverView.storyboard */,
				BED4579921380D7D0033ECE5 /* CBLOverView.storyboard */,
				BE3A15CC213823E700EE1591 /* QuestionModal.storyboard */,
			);
			path = StoryBoards;
			sourceTree = "<group>";
		};
		BED4579221380C730033ECE5 /* Controllers */ = {
			isa = PBXGroup;
			children = (
				BE0A830A2138185700E6FDFF /* CBLsTableViewController.swift */,
				BE3A15CE213828CD00EE1591 /* QuestionModalViewController.swift */,
				BE0A830C2138243C00E6FDFF /* EssentialOverViewController.swift */,
				BE0A830E213825A900E6FDFF /* GuidingOverViewController.swift */,
				BE0A83102138260100E6FDFF /* SynthesisOverViewController.swift */,
				BE0A83122138263000E6FDFF /* SolutionOverViewController.swift */,
				BE0A83142138266A00E6FDFF /* CBLOverViewController.swift */,
			);
			path = Controllers;
			sourceTree = "<group>";
		};
		BEF814E52135970900501E13 = {
			isa = PBXGroup;
			children = (
				BEF814F02135970900501E13 /* CBL */,
				BEF815082135970A00501E13 /* CBLTests */,
				BEF815132135970A00501E13 /* CBLUITests */,
				BE1AC3752136C6CC009083A4 /* CoreDataManagerTests */,
				BEF814EF2135970900501E13 /* Products */,
			);
			sourceTree = "<group>";
		};
		BEF814EF2135970900501E13 /* Products */ = {
			isa = PBXGroup;
			children = (
				BEF814EE2135970900501E13 /* CBL.app */,
				BEF815052135970A00501E13 /* CBLTests.xctest */,
				BEF815102135970A00501E13 /* CBLUITests.xctest */,
				BE1AC3742136C6CC009083A4 /* CoreDataManagerTests.xctest */,
			);
			name = Products;
			sourceTree = "<group>";
		};
		BEF814F02135970900501E13 /* CBL */ = {
			isa = PBXGroup;
			children = (
				BE71E825213FF99F00DC7E9A /* Animations */,
				BE3A15D321395B4300EE1591 /* CoreData */,
				BE3A15D02138441A00EE1591 /* Enums */,
				BE5F188E2139779F0012D1ED /* Protocols */,
				BED4579221380C730033ECE5 /* Controllers */,
				BED4579121380C510033ECE5 /* StoryBoards */,
				BEF814F12135970900501E13 /* AppDelegate.swift */,
				BEF814F32135970900501E13 /* ViewController.swift */,
				BEF814F52135970900501E13 /* Main.storyboard */,
				BEF814FB2135970A00501E13 /* Assets.xcassets */,
				BEF814FD2135970A00501E13 /* LaunchScreen.storyboard */,
				BEF815002135970A00501E13 /* Info.plist */,
				BEF814F82135970900501E13 /* CBL.xcdatamodeld */,
			);
			path = CBL;
			sourceTree = "<group>";
		};
		BEF815082135970A00501E13 /* CBLTests */ = {
			isa = PBXGroup;
			children = (
				BE3A15D621395C4900EE1591 /* CoreDataErrorTests.swift */,
				BEF815092135970A00501E13 /* CBLTests.swift */,
				BEF8150B2135970A00501E13 /* Info.plist */,
			);
			path = CBLTests;
			sourceTree = "<group>";
		};
		BEF815132135970A00501E13 /* CBLUITests */ = {
			isa = PBXGroup;
			children = (
				BEF815142135970A00501E13 /* CBLUITests.swift */,
				BEF815162135970A00501E13 /* Info.plist */,
			);
			path = CBLUITests;
			sourceTree = "<group>";
		};
/* End PBXGroup section */

/* Begin PBXNativeTarget section */
		BE1AC3732136C6CC009083A4 /* CoreDataManagerTests */ = {
			isa = PBXNativeTarget;
			buildConfigurationList = BE1AC37D2136C6CC009083A4 /* Build configuration list for PBXNativeTarget "CoreDataManagerTests" */;
			buildPhases = (
				BE1AC3702136C6CC009083A4 /* Sources */,
				BE1AC3712136C6CC009083A4 /* Frameworks */,
				BE1AC3722136C6CC009083A4 /* Resources */,
			);
			buildRules = (
			);
			dependencies = (
				BE1AC37A2136C6CC009083A4 /* PBXTargetDependency */,
			);
			name = CoreDataManagerTests;
			productName = CoreDataManagerTests;
			productReference = BE1AC3742136C6CC009083A4 /* CoreDataManagerTests.xctest */;
			productType = "com.apple.product-type.bundle.unit-test";
		};
		BEF814ED2135970900501E13 /* CBL */ = {
			isa = PBXNativeTarget;
			buildConfigurationList = BEF815192135970A00501E13 /* Build configuration list for PBXNativeTarget "CBL" */;
			buildPhases = (
				BEF814EA2135970900501E13 /* Sources */,
				BEF814EB2135970900501E13 /* Frameworks */,
				BEF814EC2135970900501E13 /* Resources */,
			);
			buildRules = (
			);
			dependencies = (
			);
			name = CBL;
			productName = CBL;
			productReference = BEF814EE2135970900501E13 /* CBL.app */;
			productType = "com.apple.product-type.application";
		};
		BEF815042135970A00501E13 /* CBLTests */ = {
			isa = PBXNativeTarget;
			buildConfigurationList = BEF8151C2135970A00501E13 /* Build configuration list for PBXNativeTarget "CBLTests" */;
			buildPhases = (
				BEF815012135970A00501E13 /* Sources */,
				BEF815022135970A00501E13 /* Frameworks */,
				BEF815032135970A00501E13 /* Resources */,
			);
			buildRules = (
			);
			dependencies = (
				BEF815072135970A00501E13 /* PBXTargetDependency */,
			);
			name = CBLTests;
			productName = CBLTests;
			productReference = BEF815052135970A00501E13 /* CBLTests.xctest */;
			productType = "com.apple.product-type.bundle.unit-test";
		};
		BEF8150F2135970A00501E13 /* CBLUITests */ = {
			isa = PBXNativeTarget;
			buildConfigurationList = BEF8151F2135970A00501E13 /* Build configuration list for PBXNativeTarget "CBLUITests" */;
			buildPhases = (
				BEF8150C2135970A00501E13 /* Sources */,
				BEF8150D2135970A00501E13 /* Frameworks */,
				BEF8150E2135970A00501E13 /* Resources */,
			);
			buildRules = (
			);
			dependencies = (
				BEF815122135970A00501E13 /* PBXTargetDependency */,
			);
			name = CBLUITests;
			productName = CBLUITests;
			productReference = BEF815102135970A00501E13 /* CBLUITests.xctest */;
			productType = "com.apple.product-type.bundle.ui-testing";
		};
/* End PBXNativeTarget section */

/* Begin PBXProject section */
		BEF814E62135970900501E13 /* Project object */ = {
			isa = PBXProject;
			attributes = {
				LastSwiftUpdateCheck = 0940;
				LastUpgradeCheck = 0940;
				ORGANIZATIONNAME = Academy;
				TargetAttributes = {
					BE1AC3732136C6CC009083A4 = {
						CreatedOnToolsVersion = 9.4.1;
						TestTargetID = BEF814ED2135970900501E13;
					};
					BEF814ED2135970900501E13 = {
						CreatedOnToolsVersion = 9.4.1;
					};
					BEF815042135970A00501E13 = {
						CreatedOnToolsVersion = 9.4.1;
						TestTargetID = BEF814ED2135970900501E13;
					};
					BEF8150F2135970A00501E13 = {
						CreatedOnToolsVersion = 9.4.1;
						TestTargetID = BEF814ED2135970900501E13;
					};
				};
			};
			buildConfigurationList = BEF814E92135970900501E13 /* Build configuration list for PBXProject "CBL" */;
			compatibilityVersion = "Xcode 9.3";
			developmentRegion = en;
			hasScannedForEncodings = 0;
			knownRegions = (
				en,
				Base,
			);
			mainGroup = BEF814E52135970900501E13;
			productRefGroup = BEF814EF2135970900501E13 /* Products */;
			projectDirPath = "";
			projectRoot = "";
			targets = (
				BEF814ED2135970900501E13 /* CBL */,
				BEF815042135970A00501E13 /* CBLTests */,
				BEF8150F2135970A00501E13 /* CBLUITests */,
				BE1AC3732136C6CC009083A4 /* CoreDataManagerTests */,
			);
		};
/* End PBXProject section */

/* Begin PBXResourcesBuildPhase section */
		BE1AC3722136C6CC009083A4 /* Resources */ = {
			isa = PBXResourcesBuildPhase;
			buildActionMask = 2147483647;
			files = (
			);
			runOnlyForDeploymentPostprocessing = 0;
		};
		BEF814EC2135970900501E13 /* Resources */ = {
			isa = PBXResourcesBuildPhase;
			buildActionMask = 2147483647;
			files = (
				BEF814FF2135970A00501E13 /* LaunchScreen.storyboard in Resources */,
				BED4579A21380D7D0033ECE5 /* CBLOverView.storyboard in Resources */,
				BED457A221380F970033ECE5 /* SolutionOverView.storyboard in Resources */,
				BEF814FC2135970A00501E13 /* Assets.xcassets in Resources */,
				BED4579C21380DCC0033ECE5 /* EssentialOverView.storyboard in Resources */,
				BE0A83092138184A00E6FDFF /* CBLsTable.storyboard in Resources */,
				BEF814F72135970900501E13 /* Main.storyboard in Resources */,
				BED457A021380F720033ECE5 /* SynthesisOverView.storyboard in Resources */,
				BED4579821380CEE0033ECE5 /* NewCBL.storyboard in Resources */,
				BED4579E21380F480033ECE5 /* GuidingOverView.storyboard in Resources */,
				BE3A15CD213823E700EE1591 /* QuestionModal.storyboard in Resources */,
			);
			runOnlyForDeploymentPostprocessing = 0;
		};
		BEF815032135970A00501E13 /* Resources */ = {
			isa = PBXResourcesBuildPhase;
			buildActionMask = 2147483647;
			files = (
			);
			runOnlyForDeploymentPostprocessing = 0;
		};
		BEF8150E2135970A00501E13 /* Resources */ = {
			isa = PBXResourcesBuildPhase;
			buildActionMask = 2147483647;
			files = (
			);
			runOnlyForDeploymentPostprocessing = 0;
		};
/* End PBXResourcesBuildPhase section */

/* Begin PBXSourcesBuildPhase section */
		BE1AC3702136C6CC009083A4 /* Sources */ = {
			isa = PBXSourcesBuildPhase;
			buildActionMask = 2147483647;
			files = (
				BE1AC3772136C6CC009083A4 /* CoreDataManagerTests.swift in Sources */,
			);
			runOnlyForDeploymentPostprocessing = 0;
		};
		BEF814EA2135970900501E13 /* Sources */ = {
			isa = PBXSourcesBuildPhase;
			buildActionMask = 2147483647;
			files = (
				BEF814F42135970900501E13 /* ViewController.swift in Sources */,
				BE5F18942139B5170012D1ED /* NewCblDelegate.swift in Sources */,
				BE0A83132138263000E6FDFF /* SolutionOverViewController.swift in Sources */,
				BE0A830D2138243C00E6FDFF /* EssentialOverViewController.swift in Sources */,
				BE3A15DB2139626A00EE1591 /* CoreDataError.swift in Sources */,
				BE0A830F213825A900E6FDFF /* GuidingOverViewController.swift in Sources */,
				BE3A15D22138444C00EE1591 /* Errors.swift in Sources */,
				BE0A83152138266A00E6FDFF /* CBLOverViewController.swift in Sources */,
				BE0A83112138260100E6FDFF /* SynthesisOverViewController.swift in Sources */,
				BEF814F22135970900501E13 /* AppDelegate.swift in Sources */,
				BEC2A7982136BB7700275FF9 /* CoreDataManager.swift in Sources */,
				BEF814FA2135970900501E13 /* CBL.xcdatamodeld in Sources */,
				BE71E82B2140189800DC7E9A /* CustomTransition.swift in Sources */,
				BE5F1890213977C10012D1ED /* NewQuestionDelegate.swift in Sources */,
				BE3A15CF213828CD00EE1591 /* QuestionModalViewController.swift in Sources */,
				BE71E829213FFA2E00DC7E9A /* Animations.swift in Sources */,
				BE0A830B2138185700E6FDFF /* CBLsTableViewController.swift in Sources */,
			);
			runOnlyForDeploymentPostprocessing = 0;
		};
		BEF815012135970A00501E13 /* Sources */ = {
			isa = PBXSourcesBuildPhase;
			buildActionMask = 2147483647;
			files = (
				BEF8150A2135970A00501E13 /* CBLTests.swift in Sources */,
				BE3A15D721395C4900EE1591 /* CoreDataErrorTests.swift in Sources */,
			);
			runOnlyForDeploymentPostprocessing = 0;
		};
		BEF8150C2135970A00501E13 /* Sources */ = {
			isa = PBXSourcesBuildPhase;
			buildActionMask = 2147483647;
			files = (
				BEF815152135970A00501E13 /* CBLUITests.swift in Sources */,
			);
			runOnlyForDeploymentPostprocessing = 0;
		};
/* End PBXSourcesBuildPhase section */

/* Begin PBXTargetDependency section */
		BE1AC37A2136C6CC009083A4 /* PBXTargetDependency */ = {
			isa = PBXTargetDependency;
			target = BEF814ED2135970900501E13 /* CBL */;
			targetProxy = BE1AC3792136C6CC009083A4 /* PBXContainerItemProxy */;
		};
		BEF815072135970A00501E13 /* PBXTargetDependency */ = {
			isa = PBXTargetDependency;
			target = BEF814ED2135970900501E13 /* CBL */;
			targetProxy = BEF815062135970A00501E13 /* PBXContainerItemProxy */;
		};
		BEF815122135970A00501E13 /* PBXTargetDependency */ = {
			isa = PBXTargetDependency;
			target = BEF814ED2135970900501E13 /* CBL */;
			targetProxy = BEF815112135970A00501E13 /* PBXContainerItemProxy */;
		};
/* End PBXTargetDependency section */

/* Begin PBXVariantGroup section */
		BEF814F52135970900501E13 /* Main.storyboard */ = {
			isa = PBXVariantGroup;
			children = (
				BEF814F62135970900501E13 /* Base */,
			);
			name = Main.storyboard;
			sourceTree = "<group>";
		};
		BEF814FD2135970A00501E13 /* LaunchScreen.storyboard */ = {
			isa = PBXVariantGroup;
			children = (
				BEF814FE2135970A00501E13 /* Base */,
			);
			name = LaunchScreen.storyboard;
			sourceTree = "<group>";
		};
/* End PBXVariantGroup section */

/* Begin XCBuildConfiguration section */
		BE1AC37B2136C6CC009083A4 /* Debug */ = {
			isa = XCBuildConfiguration;
			buildSettings = {
				BUNDLE_LOADER = "$(TEST_HOST)";
				CODE_SIGN_STYLE = Automatic;
				DEVELOPMENT_TEAM = 6H6ZL3JRAS;
				INFOPLIST_FILE = CoreDataManagerTests/Info.plist;
				LD_RUNPATH_SEARCH_PATHS = (
					"$(inherited)",
					"@executable_path/Frameworks",
					"@loader_path/Frameworks",
				);
				PRODUCT_BUNDLE_IDENTIFIER = br.com.academy.CoreDataManagerTests;
				PRODUCT_NAME = "$(TARGET_NAME)";
				SWIFT_VERSION = 4.0;
				TARGETED_DEVICE_FAMILY = "1,2";
				TEST_HOST = "$(BUILT_PRODUCTS_DIR)/CBL.app/CBL";
			};
			name = Debug;
		};
		BE1AC37C2136C6CC009083A4 /* Release */ = {
			isa = XCBuildConfiguration;
			buildSettings = {
				BUNDLE_LOADER = "$(TEST_HOST)";
				CODE_SIGN_STYLE = Automatic;
				DEVELOPMENT_TEAM = 6H6ZL3JRAS;
				INFOPLIST_FILE = CoreDataManagerTests/Info.plist;
				LD_RUNPATH_SEARCH_PATHS = (
					"$(inherited)",
					"@executable_path/Frameworks",
					"@loader_path/Frameworks",
				);
				PRODUCT_BUNDLE_IDENTIFIER = br.com.academy.CoreDataManagerTests;
				PRODUCT_NAME = "$(TARGET_NAME)";
				SWIFT_VERSION = 4.0;
				TARGETED_DEVICE_FAMILY = "1,2";
				TEST_HOST = "$(BUILT_PRODUCTS_DIR)/CBL.app/CBL";
			};
			name = Release;
		};
		BEF815172135970A00501E13 /* Debug */ = {
			isa = XCBuildConfiguration;
			buildSettings = {
				ALWAYS_SEARCH_USER_PATHS = NO;
				CLANG_ANALYZER_NONNULL = YES;
				CLANG_ANALYZER_NUMBER_OBJECT_CONVERSION = YES_AGGRESSIVE;
				CLANG_CXX_LANGUAGE_STANDARD = "gnu++14";
				CLANG_CXX_LIBRARY = "libc++";
				CLANG_ENABLE_MODULES = YES;
				CLANG_ENABLE_OBJC_ARC = YES;
				CLANG_ENABLE_OBJC_WEAK = YES;
				CLANG_WARN_BLOCK_CAPTURE_AUTORELEASING = YES;
				CLANG_WARN_BOOL_CONVERSION = YES;
				CLANG_WARN_COMMA = YES;
				CLANG_WARN_CONSTANT_CONVERSION = YES;
				CLANG_WARN_DEPRECATED_OBJC_IMPLEMENTATIONS = YES;
				CLANG_WARN_DIRECT_OBJC_ISA_USAGE = YES_ERROR;
				CLANG_WARN_DOCUMENTATION_COMMENTS = YES;
				CLANG_WARN_EMPTY_BODY = YES;
				CLANG_WARN_ENUM_CONVERSION = YES;
				CLANG_WARN_INFINITE_RECURSION = YES;
				CLANG_WARN_INT_CONVERSION = YES;
				CLANG_WARN_NON_LITERAL_NULL_CONVERSION = YES;
				CLANG_WARN_OBJC_IMPLICIT_RETAIN_SELF = YES;
				CLANG_WARN_OBJC_LITERAL_CONVERSION = YES;
				CLANG_WARN_OBJC_ROOT_CLASS = YES_ERROR;
				CLANG_WARN_RANGE_LOOP_ANALYSIS = YES;
				CLANG_WARN_STRICT_PROTOTYPES = YES;
				CLANG_WARN_SUSPICIOUS_MOVE = YES;
				CLANG_WARN_UNGUARDED_AVAILABILITY = YES_AGGRESSIVE;
				CLANG_WARN_UNREACHABLE_CODE = YES;
				CLANG_WARN__DUPLICATE_METHOD_MATCH = YES;
				CODE_SIGN_IDENTITY = "iPhone Developer";
				COPY_PHASE_STRIP = NO;
				DEBUG_INFORMATION_FORMAT = dwarf;
				ENABLE_STRICT_OBJC_MSGSEND = YES;
				ENABLE_TESTABILITY = YES;
				GCC_C_LANGUAGE_STANDARD = gnu11;
				GCC_DYNAMIC_NO_PIC = NO;
				GCC_NO_COMMON_BLOCKS = YES;
				GCC_OPTIMIZATION_LEVEL = 0;
				GCC_PREPROCESSOR_DEFINITIONS = (
					"DEBUG=1",
					"$(inherited)",
				);
				GCC_WARN_64_TO_32_BIT_CONVERSION = YES;
				GCC_WARN_ABOUT_RETURN_TYPE = YES_ERROR;
				GCC_WARN_UNDECLARED_SELECTOR = YES;
				GCC_WARN_UNINITIALIZED_AUTOS = YES_AGGRESSIVE;
				GCC_WARN_UNUSED_FUNCTION = YES;
				GCC_WARN_UNUSED_VARIABLE = YES;
				IPHONEOS_DEPLOYMENT_TARGET = 11.4;
				MTL_ENABLE_DEBUG_INFO = YES;
				ONLY_ACTIVE_ARCH = YES;
				SDKROOT = iphoneos;
				SWIFT_ACTIVE_COMPILATION_CONDITIONS = DEBUG;
				SWIFT_OPTIMIZATION_LEVEL = "-Onone";
			};
			name = Debug;
		};
		BEF815182135970A00501E13 /* Release */ = {
			isa = XCBuildConfiguration;
			buildSettings = {
				ALWAYS_SEARCH_USER_PATHS = NO;
				CLANG_ANALYZER_NONNULL = YES;
				CLANG_ANALYZER_NUMBER_OBJECT_CONVERSION = YES_AGGRESSIVE;
				CLANG_CXX_LANGUAGE_STANDARD = "gnu++14";
				CLANG_CXX_LIBRARY = "libc++";
				CLANG_ENABLE_MODULES = YES;
				CLANG_ENABLE_OBJC_ARC = YES;
				CLANG_ENABLE_OBJC_WEAK = YES;
				CLANG_WARN_BLOCK_CAPTURE_AUTORELEASING = YES;
				CLANG_WARN_BOOL_CONVERSION = YES;
				CLANG_WARN_COMMA = YES;
				CLANG_WARN_CONSTANT_CONVERSION = YES;
				CLANG_WARN_DEPRECATED_OBJC_IMPLEMENTATIONS = YES;
				CLANG_WARN_DIRECT_OBJC_ISA_USAGE = YES_ERROR;
				CLANG_WARN_DOCUMENTATION_COMMENTS = YES;
				CLANG_WARN_EMPTY_BODY = YES;
				CLANG_WARN_ENUM_CONVERSION = YES;
				CLANG_WARN_INFINITE_RECURSION = YES;
				CLANG_WARN_INT_CONVERSION = YES;
				CLANG_WARN_NON_LITERAL_NULL_CONVERSION = YES;
				CLANG_WARN_OBJC_IMPLICIT_RETAIN_SELF = YES;
				CLANG_WARN_OBJC_LITERAL_CONVERSION = YES;
				CLANG_WARN_OBJC_ROOT_CLASS = YES_ERROR;
				CLANG_WARN_RANGE_LOOP_ANALYSIS = YES;
				CLANG_WARN_STRICT_PROTOTYPES = YES;
				CLANG_WARN_SUSPICIOUS_MOVE = YES;
				CLANG_WARN_UNGUARDED_AVAILABILITY = YES_AGGRESSIVE;
				CLANG_WARN_UNREACHABLE_CODE = YES;
				CLANG_WARN__DUPLICATE_METHOD_MATCH = YES;
				CODE_SIGN_IDENTITY = "iPhone Developer";
				COPY_PHASE_STRIP = NO;
				DEBUG_INFORMATION_FORMAT = "dwarf-with-dsym";
				ENABLE_NS_ASSERTIONS = NO;
				ENABLE_STRICT_OBJC_MSGSEND = YES;
				GCC_C_LANGUAGE_STANDARD = gnu11;
				GCC_NO_COMMON_BLOCKS = YES;
				GCC_WARN_64_TO_32_BIT_CONVERSION = YES;
				GCC_WARN_ABOUT_RETURN_TYPE = YES_ERROR;
				GCC_WARN_UNDECLARED_SELECTOR = YES;
				GCC_WARN_UNINITIALIZED_AUTOS = YES_AGGRESSIVE;
				GCC_WARN_UNUSED_FUNCTION = YES;
				GCC_WARN_UNUSED_VARIABLE = YES;
				IPHONEOS_DEPLOYMENT_TARGET = 11.4;
				MTL_ENABLE_DEBUG_INFO = NO;
				SDKROOT = iphoneos;
				SWIFT_COMPILATION_MODE = wholemodule;
				SWIFT_OPTIMIZATION_LEVEL = "-O";
				VALIDATE_PRODUCT = YES;
			};
			name = Release;
		};
		BEF8151A2135970A00501E13 /* Debug */ = {
			isa = XCBuildConfiguration;
			buildSettings = {
				ASSETCATALOG_COMPILER_APPICON_NAME = AppIcon;
				CODE_SIGN_STYLE = Automatic;
				DEVELOPMENT_TEAM = 6H6ZL3JRAS;
				INFOPLIST_FILE = CBL/Info.plist;
				LD_RUNPATH_SEARCH_PATHS = (
					"$(inherited)",
					"@executable_path/Frameworks",
				);
				PRODUCT_BUNDLE_IDENTIFIER = br.com.academy.CBL22;
				PRODUCT_NAME = "$(TARGET_NAME)";
				SWIFT_VERSION = 4.0;
				TARGETED_DEVICE_FAMILY = "1,2";
			};
			name = Debug;
		};
		BEF8151B2135970A00501E13 /* Release */ = {
			isa = XCBuildConfiguration;
			buildSettings = {
				ASSETCATALOG_COMPILER_APPICON_NAME = AppIcon;
				CODE_SIGN_STYLE = Automatic;
				DEVELOPMENT_TEAM = 6H6ZL3JRAS;
				INFOPLIST_FILE = CBL/Info.plist;
				LD_RUNPATH_SEARCH_PATHS = (
					"$(inherited)",
					"@executable_path/Frameworks",
				);
				PRODUCT_BUNDLE_IDENTIFIER = br.com.academy.CBL22;
				PRODUCT_NAME = "$(TARGET_NAME)";
				SWIFT_VERSION = 4.0;
				TARGETED_DEVICE_FAMILY = "1,2";
			};
			name = Release;
		};
		BEF8151D2135970A00501E13 /* Debug */ = {
			isa = XCBuildConfiguration;
			buildSettings = {
				ALWAYS_EMBED_SWIFT_STANDARD_LIBRARIES = YES;
				BUNDLE_LOADER = "$(TEST_HOST)";
				CODE_SIGN_STYLE = Automatic;
				DEVELOPMENT_TEAM = 6H6ZL3JRAS;
				INFOPLIST_FILE = CBLTests/Info.plist;
				LD_RUNPATH_SEARCH_PATHS = (
					"$(inherited)",
					"@executable_path/Frameworks",
					"@loader_path/Frameworks",
				);
				PRODUCT_BUNDLE_IDENTIFIER = br.com.academy.CBLTests;
				PRODUCT_NAME = "$(TARGET_NAME)";
				SWIFT_VERSION = 4.0;
				TARGETED_DEVICE_FAMILY = "1,2";
				TEST_HOST = "$(BUILT_PRODUCTS_DIR)/CBL.app/CBL";
			};
			name = Debug;
		};
		BEF8151E2135970A00501E13 /* Release */ = {
			isa = XCBuildConfiguration;
			buildSettings = {
				ALWAYS_EMBED_SWIFT_STANDARD_LIBRARIES = YES;
				BUNDLE_LOADER = "$(TEST_HOST)";
				CODE_SIGN_STYLE = Automatic;
				DEVELOPMENT_TEAM = 6H6ZL3JRAS;
				INFOPLIST_FILE = CBLTests/Info.plist;
				LD_RUNPATH_SEARCH_PATHS = (
					"$(inherited)",
					"@executable_path/Frameworks",
					"@loader_path/Frameworks",
				);
				PRODUCT_BUNDLE_IDENTIFIER = br.com.academy.CBLTests;
				PRODUCT_NAME = "$(TARGET_NAME)";
				SWIFT_VERSION = 4.0;
				TARGETED_DEVICE_FAMILY = "1,2";
				TEST_HOST = "$(BUILT_PRODUCTS_DIR)/CBL.app/CBL";
			};
			name = Release;
		};
		BEF815202135970A00501E13 /* Debug */ = {
			isa = XCBuildConfiguration;
			buildSettings = {
				ALWAYS_EMBED_SWIFT_STANDARD_LIBRARIES = YES;
				CODE_SIGN_STYLE = Automatic;
				DEVELOPMENT_TEAM = 6H6ZL3JRAS;
				INFOPLIST_FILE = CBLUITests/Info.plist;
				LD_RUNPATH_SEARCH_PATHS = (
					"$(inherited)",
					"@executable_path/Frameworks",
					"@loader_path/Frameworks",
				);
				PRODUCT_BUNDLE_IDENTIFIER = br.com.academy.CBLUITests;
				PRODUCT_NAME = "$(TARGET_NAME)";
				SWIFT_VERSION = 4.0;
				TARGETED_DEVICE_FAMILY = "1,2";
				TEST_TARGET_NAME = CBL;
			};
			name = Debug;
		};
		BEF815212135970A00501E13 /* Release */ = {
			isa = XCBuildConfiguration;
			buildSettings = {
				ALWAYS_EMBED_SWIFT_STANDARD_LIBRARIES = YES;
				CODE_SIGN_STYLE = Automatic;
				DEVELOPMENT_TEAM = 6H6ZL3JRAS;
				INFOPLIST_FILE = CBLUITests/Info.plist;
				LD_RUNPATH_SEARCH_PATHS = (
					"$(inherited)",
					"@executable_path/Frameworks",
					"@loader_path/Frameworks",
				);
				PRODUCT_BUNDLE_IDENTIFIER = br.com.academy.CBLUITests;
				PRODUCT_NAME = "$(TARGET_NAME)";
				SWIFT_VERSION = 4.0;
				TARGETED_DEVICE_FAMILY = "1,2";
				TEST_TARGET_NAME = CBL;
			};
			name = Release;
		};
/* End XCBuildConfiguration section */

/* Begin XCConfigurationList section */
		BE1AC37D2136C6CC009083A4 /* Build configuration list for PBXNativeTarget "CoreDataManagerTests" */ = {
			isa = XCConfigurationList;
			buildConfigurations = (
				BE1AC37B2136C6CC009083A4 /* Debug */,
				BE1AC37C2136C6CC009083A4 /* Release */,
			);
			defaultConfigurationIsVisible = 0;
			defaultConfigurationName = Release;
		};
		BEF814E92135970900501E13 /* Build configuration list for PBXProject "CBL" */ = {
			isa = XCConfigurationList;
			buildConfigurations = (
				BEF815172135970A00501E13 /* Debug */,
				BEF815182135970A00501E13 /* Release */,
			);
			defaultConfigurationIsVisible = 0;
			defaultConfigurationName = Release;
		};
		BEF815192135970A00501E13 /* Build configuration list for PBXNativeTarget "CBL" */ = {
			isa = XCConfigurationList;
			buildConfigurations = (
				BEF8151A2135970A00501E13 /* Debug */,
				BEF8151B2135970A00501E13 /* Release */,
			);
			defaultConfigurationIsVisible = 0;
			defaultConfigurationName = Release;
		};
		BEF8151C2135970A00501E13 /* Build configuration list for PBXNativeTarget "CBLTests" */ = {
			isa = XCConfigurationList;
			buildConfigurations = (
				BEF8151D2135970A00501E13 /* Debug */,
				BEF8151E2135970A00501E13 /* Release */,
			);
			defaultConfigurationIsVisible = 0;
			defaultConfigurationName = Release;
		};
		BEF8151F2135970A00501E13 /* Build configuration list for PBXNativeTarget "CBLUITests" */ = {
			isa = XCConfigurationList;
			buildConfigurations = (
				BEF815202135970A00501E13 /* Debug */,
				BEF815212135970A00501E13 /* Release */,
			);
			defaultConfigurationIsVisible = 0;
			defaultConfigurationName = Release;
		};
/* End XCConfigurationList section */

/* Begin XCVersionGroup section */
		BEF814F82135970900501E13 /* CBL.xcdatamodeld */ = {
			isa = XCVersionGroup;
			children = (
				BEF814F92135970900501E13 /* CBL.xcdatamodel */,
			);
			currentVersion = BEF814F92135970900501E13 /* CBL.xcdatamodel */;
			path = CBL.xcdatamodeld;
			sourceTree = "<group>";
			versionGroupType = wrapper.xcdatamodel;
		};
/* End XCVersionGroup section */
	};
	rootObject = BEF814E62135970900501E13 /* Project object */;
}
